# THIS IS AN AUTOGENERATED FILE. DO NOT EDIT THIS FILE DIRECTLY.
# yarn lockfile v1


prettier-plugin-tailwindcss@^0.1.13:
  version "0.1.13"
  resolved "https://registry.yarnpkg.com/prettier-plugin-tailwindcss/-/prettier-plugin-tailwindcss-0.1.13.tgz#ca1071361dc7e2ed5d95a2ee36825ce45f814942"
  integrity sha512-/EKQURUrxLu66CMUg4+1LwGdxnz8of7IDvrSLqEtDqhLH61SAlNNUSr90UTvZaemujgl3OH/VHg+fyGltrNixw==
